
Microsoft Visual Studio Solution File, Format Version 12.00
# Visual Studio Version 17
VisualStudioVersion = 17.12.35506.116 d17.12
MinimumVisualStudioVersion = 10.0.40219.1
Project("{FAE04EC0-301F-11D3-BF4B-00C04F79EFBC}") = "StradaWebApi", "StradaWebApi.csproj", "{BE46FEF7-801D-4D53-BF78-FE67737108C1}"
EndProject
Project("{FAE04EC0-301F-11D3-BF4B-00C04F79EFBC}") = "Strada.Repository", "..\Strada.Repository\Strada.Repository.csproj", "{12B31263-AB13-4164-8FA3-D82AC7060AE2}"
EndProject
Project("{FAE04EC0-301F-11D3-BF4B-00C04F79EFBC}") = "Strada.Service", "..\Strada.Service\Strada.Service.csproj", "{F9C00F54-C3C0-4938-B6F1-B39B1E10F270}"
EndProject
Global
	GlobalSection(SolutionConfigurationPlatforms) = preSolution
		Debug|Any CPU = Debug|Any CPU
		Release|Any CPU = Release|Any CPU
	EndGlobalSection
	GlobalSection(ProjectConfigurationPlatforms) = postSolution
		{BE46FEF7-801D-4D53-BF78-FE67737108C1}.Debug|Any CPU.ActiveCfg = Debug|Any CPU
		{BE46FEF7-801D-4D53-BF78-FE67737108C1}.Debug|Any CPU.Build.0 = Debug|Any CPU
		{BE46FEF7-801D-4D53-BF78-FE67737108C1}.Release|Any CPU.ActiveCfg = Release|Any CPU
		{BE46FEF7-801D-4D53-BF78-FE67737108C1}.Release|Any CPU.Build.0 = Release|Any CPU
		{12B31263-AB13-4164-8FA3-D82AC7060AE2}.Debug|Any CPU.ActiveCfg = Debug|Any CPU
		{12B31263-AB13-4164-8FA3-D82AC7060AE2}.Debug|Any CPU.Build.0 = Debug|Any CPU
		{12B31263-AB13-4164-8FA3-D82AC7060AE2}.Release|Any CPU.ActiveCfg = Release|Any CPU
		{12B31263-AB13-4164-8FA3-D82AC7060AE2}.Release|Any CPU.Build.0 = Release|Any CPU
		{F9C00F54-C3C0-4938-B6F1-B39B1E10F270}.Debug|Any CPU.ActiveCfg = Debug|Any CPU
		{F9C00F54-C3C0-4938-B6F1-B39B1E10F270}.Debug|Any CPU.Build.0 = Debug|Any CPU
		{F9C00F54-C3C0-4938-B6F1-B39B1E10F270}.Release|Any CPU.ActiveCfg = Release|Any CPU
		{F9C00F54-C3C0-4938-B6F1-B39B1E10F270}.Release|Any CPU.Build.0 = Release|Any CPU
	EndGlobalSection
	GlobalSection(SolutionProperties) = preSolution
		HideSolutionNode = FALSE
	EndGlobalSection
EndGlobal
